
Microsoft Visual Studio Solution File, Format Version 12.00
# Visual Studio Version 16
VisualStudioVersion = 16.0.32802.440
MinimumVisualStudioVersion = 10.0.40219.1
Project("{FAE04EC0-301F-11D3-BF4B-00C04F79EFBC}") = "sinif_nedir", "sinif_nedir\sinif_nedir.csproj", "{399C376E-26B1-4ACD-8FE6-060F16B24BD4}"
EndProject
Global
	GlobalSection(SolutionConfigurationPlatforms) = preSolution
		Debug|Any CPU = Debug|Any CPU
		Release|Any CPU = Release|Any CPU
	EndGlobalSection
	GlobalSection(ProjectConfigurationPlatforms) = postSolution
		{399C376E-26B1-4ACD-8FE6-060F16B24BD4}.Debug|Any CPU.ActiveCfg = Debug|Any CPU
		{399C376E-26B1-4ACD-8FE6-060F16B24BD4}.Debug|Any CPU.Build.0 = Debug|Any CPU
		{399C376E-26B1-4ACD-8FE6-060F16B24BD4}.Release|Any CPU.ActiveCfg = Release|Any CPU
		{399C376E-26B1-4ACD-8FE6-060F16B24BD4}.Release|Any CPU.Build.0 = Release|Any CPU
	EndGlobalSection
	GlobalSection(SolutionProperties) = preSolution
		HideSolutionNode = FALSE
	EndGlobalSection
	GlobalSection(ExtensibilityGlobals) = postSolution
		SolutionGuid = {312000DE-95D4-49BB-A837-9CB8735A20A8}
	EndGlobalSection
EndGlobal
